// !$*UTF8*$!
{
	archiveVersion = 1;
	classes = {
	};
	objectVersion = 46;
	objects = {

/* Begin PBXBuildFile section */
		BC80D8BF1C89722B00AEAD32 /* main.m in Sources */ = {isa = PBXBuildFile; fileRef = BC80D8BE1C89722B00AEAD32 /* main.m */; };
		BC80D8C21C89722B00AEAD32 /* AppDelegate.m in Sources */ = {isa = PBXBuildFile; fileRef = BC80D8C11C89722B00AEAD32 /* AppDelegate.m */; };
		BC80D8C51C89722B00AEAD32 /* ViewController.m in Sources */ = {isa = PBXBuildFile; fileRef = BC80D8C41C89722B00AEAD32 /* ViewController.m */; };
		BC80D8C81C89722B00AEAD32 /* Main.storyboard in Resources */ = {isa = PBXBuildFile; fileRef = BC80D8C61C89722B00AEAD32 /* Main.storyboard */; };
		BC80D8CA1C89722B00AEAD32 /* Assets.xcassets in Resources */ = {isa = PBXBuildFile; fileRef = BC80D8C91C89722B00AEAD32 /* Assets.xcassets */; };
		BC80D8CD1C89722B00AEAD32 /* LaunchScreen.storyboard in Resources */ = {isa = PBXBuildFile; fileRef = BC80D8CB1C89722B00AEAD32 /* LaunchScreen.storyboard */; };
		BC80D8D81C89722B00AEAD32 /* GitTestTests.m in Sources */ = {isa = PBXBuildFile; fileRef = BC80D8D71C89722B00AEAD32 /* GitTestTests.m */; };
		BC80D8E31C89722B00AEAD32 /* GitTestUITests.m in Sources */ = {isa = PBXBuildFile; fileRef = BC80D8E21C89722B00AEAD32 /* GitTestUITests.m */; };
/* End PBXBuildFile section */

/* Begin PBXContainerItemProxy section */
		BC80D8D41C89722B00AEAD32 /* PBXContainerItemProxy */ = {
			isa = PBXContainerItemProxy;
			containerPortal = BC80D8B21C89722A00AEAD32 /* Project object */;
			proxyType = 1;
			remoteGlobalIDString = BC80D8B91C89722A00AEAD32;
			remoteInfo = GitTest;
		};
		BC80D8DF1C89722B00AEAD32 /* PBXContainerItemProxy */ = {
			isa = PBXContainerItemProxy;
			containerPortal = BC80D8B21C89722A00AEAD32 /* Project object */;
			proxyType = 1;
			remoteGlobalIDString = BC80D8B91C89722A00AEAD32;
			remoteInfo = GitTest;
		};
/* End PBXContainerItemProxy section */

/* Begin PBXFileReference section */
		BC80D8BA1C89722B00AEAD32 /* GitTest.app */ = {isa = PBXFileReference; explicitFileType = wrapper.application; includeInIndex = 0; path = GitTest.app; sourceTree = BUILT_PRODUCTS_DIR; };
		BC80D8BE1C89722B00AEAD32 /* main.m */ = {isa = PBXFileReference; lastKnownFileType = sourcecode.c.objc; path = main.m; sourceTree = "<group>"; };
		BC80D8C01C89722B00AEAD32 /* AppDelegate.h */ = {isa = PBXFileReference; lastKnownFileType = sourcecode.c.h; path = AppDelegate.h; sourceTree = "<group>"; };
		BC80D8C11C89722B00AEAD32 /* AppDelegate.m */ = {isa = PBXFileReference; lastKnownFileType = sourcecode.c.objc; path = AppDelegate.m; sourceTree = "<group>"; };
		BC80D8C31C89722B00AEAD32 /* ViewController.h */ = {isa = PBXFileReference; lastKnownFileType = sourcecode.c.h; path = ViewController.h; sourceTree = "<group>"; };
		BC80D8C41C89722B00AEAD32 /* ViewController.m */ = {isa = PBXFileReference; lastKnownFileType = sourcecode.c.objc; path = ViewController.m; sourceTree = "<group>"; };
		BC80D8C71C89722B00AEAD32 /* Base */ = {isa = PBXFileReference; lastKnownFileType = file.storyboard; name = Base; path = Base.lproj/Main.storyboard; sourceTree = "<group>"; };
		BC80D8C91C89722B00AEAD32 /* Assets.xcassets */ = {isa = PBXFileReference; lastKnownFileType = folder.assetcatalog; path = Assets.xcassets; sourceTree = "<group>"; };
		BC80D8CC1C89722B00AEAD32 /* Base */ = {isa = PBXFileReference; lastKnownFileType = file.storyboard; name = Base; path = Base.lproj/LaunchScreen.storyboard; sourceTree = "<group>"; };
		BC80D8CE1C89722B00AEAD32 /* Info.plist */ = {isa = PBXFileReference; lastKnownFileType = text.plist.xml; path = Info.plist; sourceTree = "<group>"; };
		BC80D8D31C89722B00AEAD32 /* GitTestTests.xctest */ = {isa = PBXFileReference; explicitFileType = wrapper.cfbundle; includeInIndex = 0; path = GitTestTests.xctest; sourceTree = BUILT_PRODUCTS_DIR; };
		BC80D8D71C89722B00AEAD32 /* GitTestTests.m */ = {isa = PBXFileReference; lastKnownFileType = sourcecode.c.objc; path = GitTestTests.m; sourceTree = "<group>"; };
		BC80D8D91C89722B00AEAD32 /* Info.plist */ = {isa = PBXFileReference; lastKnownFileType = text.plist.xml; path = Info.plist; sourceTree = "<group>"; };
		BC80D8DE1C89722B00AEAD32 /* GitTestUITests.xctest */ = {isa = PBXFileReference; explicitFileType = wrapper.cfbundle; includeInIndex = 0; path = GitTestUITests.xctest; sourceTree = BUILT_PRODUCTS_DIR; };
		BC80D8E21C89722B00AEAD32 /* GitTestUITests.m */ = {isa = PBXFileReference; lastKnownFileType = sourcecode.c.objc; path = GitTestUITests.m; sourceTree = "<group>"; };
		BC80D8E41C89722C00AEAD32 /* Info.plist */ = {isa = PBXFileReference; lastKnownFileType = text.plist.xml; path = Info.plist; sourceTree = "<group>"; };
/* End PBXFileReference section */

/* Begin PBXFrameworksBuildPhase section */
		BC80D8B71C89722A00AEAD32 /* Frameworks */ = {
			isa = PBXFrameworksBuildPhase;
			buildActionMask = 2147483647;
			files = (
			);
			runOnlyForDeploymentPostprocessing = 0;
		};
		BC80D8D01C89722B00AEAD32 /* Frameworks */ = {
			isa = PBXFrameworksBuildPhase;
			buildActionMask = 2147483647;
			files = (
			);
			runOnlyForDeploymentPostprocessing = 0;
		};
		BC80D8DB1C89722B00AEAD32 /* Frameworks */ = {
			isa = PBXFrameworksBuildPhase;
			buildActionMask = 2147483647;
			files = (
			);
			runOnlyForDeploymentPostprocessing = 0;
		};
/* End PBXFrameworksBuildPhase section */

/* Begin PBXGroup section */
		BC80D8B11C89722A00AEAD32 = {
			isa = PBXGroup;
			children = (
				BC80D8BC1C89722B00AEAD32 /* GitTest */,
				BC80D8D61C89722B00AEAD32 /* GitTestTests */,
				BC80D8E11C89722B00AEAD32 /* GitTestUITests */,
				BC80D8BB1C89722B00AEAD32 /* Products */,
			);
			sourceTree = "<group>";
		};
		BC80D8BB1C89722B00AEAD32 /* Products */ = {
			isa = PBXGroup;
			children = (
				BC80D8BA1C89722B00AEAD32 /* GitTest.app */,
				BC80D8D31C89722B00AEAD32 /* GitTestTests.xctest */,
				BC80D8DE1C89722B00AEAD32 /* GitTestUITests.xctest */,
			);
			name = Products;
			sourceTree = "<group>";
		};
		BC80D8BC1C89722B00AEAD32 /* GitTest */ = {
			isa = PBXGroup;
			children = (
				BC80D8C01C89722B00AEAD32 /* AppDelegate.h */,
				BC80D8C11C89722B00AEAD32 /* AppDelegate.m */,
				BC80D8C31C89722B00AEAD32 /* ViewController.h */,
				BC80D8C41C89722B00AEAD32 /* ViewController.m */,
				BC80D8C61C89722B00AEAD32 /* Main.storyboard */,
				BC80D8C91C89722B00AEAD32 /* Assets.xcassets */,
				BC80D8CB1C89722B00AEAD32 /* LaunchScreen.storyboard */,
				BC80D8CE1C89722B00AEAD32 /* Info.plist */,
				BC80D8BD1C89722B00AEAD32 /* Supporting Files */,
			);
			path = GitTest;
			sourceTree = "<group>";
		};
		BC80D8BD1C89722B00AEAD32 /* Supporting Files */ = {
			isa = PBXGroup;
			children = (
				BC80D8BE1C89722B00AEAD32 /* main.m */,
			);
			name = "Supporting Files";
			sourceTree = "<group>";
		};
		BC80D8D61C89722B00AEAD32 /* GitTestTests */ = {
			isa = PBXGroup;
			children = (
				BC80D8D71C89722B00AEAD32 /* GitTestTests.m */,
				BC80D8D91C89722B00AEAD32 /* Info.plist */,
			);
			path = GitTestTests;
			sourceTree = "<group>";
		};
		BC80D8E11C89722B00AEAD32 /* GitTestUITests */ = {
			isa = PBXGroup;
			children = (
				BC80D8E21C89722B00AEAD32 /* GitTestUITests.m */,
				BC80D8E41C89722C00AEAD32 /* Info.plist */,
			);
			path = GitTestUITests;
			sourceTree = "<group>";
		};
/* End PBXGroup section */

/* Begin PBXNativeTarget section */
		BC80D8B91C89722A00AEAD32 /* GitTest */ = {
			isa = PBXNativeTarget;
			buildConfigurationList = BC80D8E71C89722C00AEAD32 /* Build configuration list for PBXNativeTarget "GitTest" */;
			buildPhases = (
				BC80D8B61C89722A00AEAD32 /* Sources */,
				BC80D8B71C89722A00AEAD32 /* Frameworks */,
				BC80D8B81C89722A00AEAD32 /* Resources */,
			);
			buildRules = (
			);
			dependencies = (
			);
			name = GitTest;
			productName = GitTest;
			productReference = BC80D8BA1C89722B00AEAD32 /* GitTest.app */;
			productType = "com.apple.product-type.application";
		};
		BC80D8D21C89722B00AEAD32 /* GitTestTests */ = {
			isa = PBXNativeTarget;
			buildConfigurationList = BC80D8EA1C89722C00AEAD32 /* Build configuration list for PBXNativeTarget "GitTestTests" */;
			buildPhases = (
				BC80D8CF1C89722B00AEAD32 /* Sources */,
				BC80D8D01C89722B00AEAD32 /* Frameworks */,
				BC80D8D11C89722B00AEAD32 /* Resources */,
			);
			buildRules = (
			);
			dependencies = (
				BC80D8D51C89722B00AEAD32 /* PBXTargetDependency */,
			);
			name = GitTestTests;
			productName = GitTestTests;
			productReference = BC80D8D31C89722B00AEAD32 /* GitTestTests.xctest */;
			productType = "com.apple.product-type.bundle.unit-test";
		};
		BC80D8DD1C89722B00AEAD32 /* GitTestUITests */ = {
			isa = PBXNativeTarget;
			buildConfigurationList = BC80D8ED1C89722C00AEAD32 /* Build configuration list for PBXNativeTarget "GitTestUITests" */;
			buildPhases = (
				BC80D8DA1C89722B00AEAD32 /* Sources */,
				BC80D8DB1C89722B00AEAD32 /* Frameworks */,
				BC80D8DC1C89722B00AEAD32 /* Resources */,
			);
			buildRules = (
			);
			dependencies = (
				BC80D8E01C89722B00AEAD32 /* PBXTargetDependency */,
			);
			name = GitTestUITests;
			productName = GitTestUITests;
			productReference = BC80D8DE1C89722B00AEAD32 /* GitTestUITests.xctest */;
			productType = "com.apple.product-type.bundle.ui-testing";
		};
/* End PBXNativeTarget section */

/* Begin PBXProject section */
		BC80D8B21C89722A00AEAD32 /* Project object */ = {
			isa = PBXProject;
			attributes = {
				LastUpgradeCheck = 0720;
				ORGANIZATIONNAME = "彭峰";
				TargetAttributes = {
					BC80D8B91C89722A00AEAD32 = {
						CreatedOnToolsVersion = 7.2.1;
					};
					BC80D8D21C89722B00AEAD32 = {
						CreatedOnToolsVersion = 7.2.1;
						TestTargetID = BC80D8B91C89722A00AEAD32;
					};
					BC80D8DD1C89722B00AEAD32 = {
						CreatedOnToolsVersion = 7.2.1;
						TestTargetID = BC80D8B91C89722A00AEAD32;
					};
				};
			};
			buildConfigurationList = BC80D8B51C89722A00AEAD32 /* Build configuration list for PBXProject "GitTest" */;
			compatibilityVersion = "Xcode 3.2";
			developmentRegion = English;
			hasScannedForEncodings = 0;
			knownRegions = (
				en,
				Base,
			);
			mainGroup = BC80D8B11C89722A00AEAD32;
			productRefGroup = BC80D8BB1C89722B00AEAD32 /* Products */;
			projectDirPath = "";
			projectRoot = "";
			targets = (
				BC80D8B91C89722A00AEAD32 /* GitTest */,
				BC80D8D21C89722B00AEAD32 /* GitTestTests */,
				BC80D8DD1C89722B00AEAD32 /* GitTestUITests */,
			);
		};
/* End PBXProject section */

/* Begin PBXResourcesBuildPhase section */
		BC80D8B81C89722A00AEAD32 /* Resources */ = {
			isa = PBXResourcesBuildPhase;
			buildActionMask = 2147483647;
			files = (
				BC80D8CD1C89722B00AEAD32 /* LaunchScreen.storyboard in Resources */,
				BC80D8CA1C89722B00AEAD32 /* Assets.xcassets in Resources */,
				BC80D8C81C89722B00AEAD32 /* Main.storyboard in Resources */,
			);
			runOnlyForDeploymentPostprocessing = 0;
		};
		BC80D8D11C89722B00AEAD32 /* Resources */ = {
			isa = PBXResourcesBuildPhase;
			buildActionMask = 2147483647;
			files = (
			);
			runOnlyForDeploymentPostprocessing = 0;
		};
		BC80D8DC1C89722B00AEAD32 /* Resources */ = {
			isa = PBXResourcesBuildPhase;
			buildActionMask = 2147483647;
			files = (
			);
			runOnlyForDeploymentPostprocessing = 0;
		};
/* End PBXResourcesBuildPhase section */

/* Begin PBXSourcesBuildPhase section */
		BC80D8B61C89722A00AEAD32 /* Sources */ = {
			isa = PBXSourcesBuildPhase;
			buildActionMask = 2147483647;
			files = (
				BC80D8C51C89722B00AEAD32 /* ViewController.m in Sources */,
				BC80D8C21C89722B00AEAD32 /* AppDelegate.m in Sources */,
				BC80D8BF1C89722B00AEAD32 /* main.m in Sources */,
			);
			runOnlyForDeploymentPostprocessing = 0;
		};
		BC80D8CF1C89722B00AEAD32 /* Sources */ = {
			isa = PBXSourcesBuildPhase;
			buildActionMask = 2147483647;
			files = (
				BC80D8D81C89722B00AEAD32 /* GitTestTests.m in Sources */,
			);
			runOnlyForDeploymentPostprocessing = 0;
		};
		BC80D8DA1C89722B00AEAD32 /* Sources */ = {
			isa = PBXSourcesBuildPhase;
			buildActionMask = 2147483647;
			files = (
				BC80D8E31C89722B00AEAD32 /* GitTestUITests.m in Sources */,
			);
			runOnlyForDeploymentPostprocessing = 0;
		};
/* End PBXSourcesBuildPhase section */

/* Begin PBXTargetDependency section */
		BC80D8D51C89722B00AEAD32 /* PBXTargetDependency */ = {
			isa = PBXTargetDependency;
			target = BC80D8B91C89722A00AEAD32 /* GitTest */;
			targetProxy = BC80D8D41C89722B00AEAD32 /* PBXContainerItemProxy */;
		};
		BC80D8E01C89722B00AEAD32 /* PBXTargetDependency */ = {
			isa = PBXTargetDependency;
			target = BC80D8B91C89722A00AEAD32 /* GitTest */;
			targetProxy = BC80D8DF1C89722B00AEAD32 /* PBXContainerItemProxy */;
		};
/* End PBXTargetDependency section */

/* Begin PBXVariantGroup section */
		BC80D8C61C89722B00AEAD32 /* Main.storyboard */ = {
			isa = PBXVariantGroup;
			children = (
				BC80D8C71C89722B00AEAD32 /* Base */,
			);
			name = Main.storyboard;
			sourceTree = "<group>";
		};
		BC80D8CB1C89722B00AEAD32 /* LaunchScreen.storyboard */ = {
			isa = PBXVariantGroup;
			children = (
				BC80D8CC1C89722B00AEAD32 /* Base */,
			);
			name = LaunchScreen.storyboard;
			sourceTree = "<group>";
		};
/* End PBXVariantGroup section */

/* Begin XCBuildConfiguration section */
		BC80D8E51C89722C00AEAD32 /* Debug */ = {
			isa = XCBuildConfiguration;
			buildSettings = {
				ALWAYS_SEARCH_USER_PATHS = NO;
				CLANG_CXX_LANGUAGE_STANDARD = "gnu++0x";
				CLANG_CXX_LIBRARY = "libc++";
				CLANG_ENABLE_MODULES = YES;
				CLANG_ENABLE_OBJC_ARC = YES;
				CLANG_WARN_BOOL_CONVERSION = YES;
				CLANG_WARN_CONSTANT_CONVERSION = YES;
				CLANG_WARN_DIRECT_OBJC_ISA_USAGE = YES_ERROR;
				CLANG_WARN_EMPTY_BODY = YES;
				CLANG_WARN_ENUM_CONVERSION = YES;
				CLANG_WARN_INT_CONVERSION = YES;
				CLANG_WARN_OBJC_ROOT_CLASS = YES_ERROR;
				CLANG_WARN_UNREACHABLE_CODE = YES;
				CLANG_WARN__DUPLICATE_METHOD_MATCH = YES;
				"CODE_SIGN_IDENTITY[sdk=iphoneos*]" = "iPhone Developer";
				COPY_PHASE_STRIP = NO;
				DEBUG_INFORMATION_FORMAT = dwarf;
				ENABLE_STRICT_OBJC_MSGSEND = YES;
				ENABLE_TESTABILITY = YES;
				GCC_C_LANGUAGE_STANDARD = gnu99;
				GCC_DYNAMIC_NO_PIC = NO;
				GCC_NO_COMMON_BLOCKS = YES;
				GCC_OPTIMIZATION_LEVEL = 0;
				GCC_PREPROCESSOR_DEFINITIONS = (
					"DEBUG=1",
					"$(inherited)",
				);
				GCC_WARN_64_TO_32_BIT_CONVERSION = YES;
				GCC_WARN_ABOUT_RETURN_TYPE = YES_ERROR;
				GCC_WARN_UNDECLARED_SELECTOR = YES;
				GCC_WARN_UNINITIALIZED_AUTOS = YES_AGGRESSIVE;
				GCC_WARN_UNUSED_FUNCTION = YES;
				GCC_WARN_UNUSED_VARIABLE = YES;
				IPHONEOS_DEPLOYMENT_TARGET = 9.2;
				MTL_ENABLE_DEBUG_INFO = YES;
				ONLY_ACTIVE_ARCH = YES;
				SDKROOT = iphoneos;
			};
			name = Debug;
		};
		BC80D8E61C89722C00AEAD32 /* Release */ = {
			isa = XCBuildConfiguration;
			buildSettings = {
				ALWAYS_SEARCH_USER_PATHS = NO;
				CLANG_CXX_LANGUAGE_STANDARD = "gnu++0x";
				CLANG_CXX_LIBRARY = "libc++";
				CLANG_ENABLE_MODULES = YES;
				CLANG_ENABLE_OBJC_ARC = YES;
				CLANG_WARN_BOOL_CONVERSION = YES;
				CLANG_WARN_CONSTANT_CONVERSION = YES;
				CLANG_WARN_DIRECT_OBJC_ISA_USAGE = YES_ERROR;
				CLANG_WARN_EMPTY_BODY = YES;
				CLANG_WARN_ENUM_CONVERSION = YES;
				CLANG_WARN_INT_CONVERSION = YES;
				CLANG_WARN_OBJC_ROOT_CLASS = YES_ERROR;
				CLANG_WARN_UNREACHABLE_CODE = YES;
				CLANG_WARN__DUPLICATE_METHOD_MATCH = YES;
				"CODE_SIGN_IDENTITY[sdk=iphoneos*]" = "iPhone Developer";
				COPY_PHASE_STRIP = NO;
				DEBUG_INFORMATION_FORMAT = "dwarf-with-dsym";
				ENABLE_NS_ASSERTIONS = NO;
				ENABLE_STRICT_OBJC_MSGSEND = YES;
				GCC_C_LANGUAGE_STANDARD = gnu99;
				GCC_NO_COMMON_BLOCKS = YES;
				GCC_WARN_64_TO_32_BIT_CONVERSION = YES;
				GCC_WARN_ABOUT_RETURN_TYPE = YES_ERROR;
				GCC_WARN_UNDECLARED_SELECTOR = YES;
				GCC_WARN_UNINITIALIZED_AUTOS = YES_AGGRESSIVE;
				GCC_WARN_UNUSED_FUNCTION = YES;
				GCC_WARN_UNUSED_VARIABLE = YES;
				IPHONEOS_DEPLOYMENT_TARGET = 9.2;
				MTL_ENABLE_DEBUG_INFO = NO;
				SDKROOT = iphoneos;
				VALIDATE_PRODUCT = YES;
			};
			name = Release;
		};
		BC80D8E81C89722C00AEAD32 /* Debug */ = {
			isa = XCBuildConfiguration;
			buildSettings = {
				ASSETCATALOG_COMPILER_APPICON_NAME = AppIcon;
				INFOPLIST_FILE = GitTest/Info.plist;
				LD_RUNPATH_SEARCH_PATHS = "$(inherited) @executable_path/Frameworks";
				PRODUCT_BUNDLE_IDENTIFIER = com.1510.GitTest;
				PRODUCT_NAME = "$(TARGET_NAME)";
			};
			name = Debug;
		};
		BC80D8E91C89722C00AEAD32 /* Release */ = {
			isa = XCBuildConfiguration;
			buildSettings = {
				ASSETCATALOG_COMPILER_APPICON_NAME = AppIcon;
				INFOPLIST_FILE = GitTest/Info.plist;
				LD_RUNPATH_SEARCH_PATHS = "$(inherited) @executable_path/Frameworks";
				PRODUCT_BUNDLE_IDENTIFIER = com.1510.GitTest;
				PRODUCT_NAME = "$(TARGET_NAME)";
			};
			name = Release;
		};
		BC80D8EB1C89722C00AEAD32 /* Debug */ = {
			isa = XCBuildConfiguration;
			buildSettings = {
				BUNDLE_LOADER = "$(TEST_HOST)";
				INFOPLIST_FILE = GitTestTests/Info.plist;
				LD_RUNPATH_SEARCH_PATHS = "$(inherited) @executable_path/Frameworks @loader_path/Frameworks";
				PRODUCT_BUNDLE_IDENTIFIER = com.1510.GitTestTests;
				PRODUCT_NAME = "$(TARGET_NAME)";
				TEST_HOST = "$(BUILT_PRODUCTS_DIR)/GitTest.app/GitTest";
			};
			name = Debug;
		};
		BC80D8EC1C89722C00AEAD32 /* Release */ = {
			isa = XCBuildConfiguration;
			buildSettings = {
				BUNDLE_LOADER = "$(TEST_HOST)";
				INFOPLIST_FILE = GitTestTests/Info.plist;
				LD_RUNPATH_SEARCH_PATHS = "$(inherited) @executable_path/Frameworks @loader_path/Frameworks";
				PRODUCT_BUNDLE_IDENTIFIER = com.1510.GitTestTests;
				PRODUCT_NAME = "$(TARGET_NAME)";
				TEST_HOST = "$(BUILT_PRODUCTS_DIR)/GitTest.app/GitTest";
			};
			name = Release;
		};
		BC80D8EE1C89722C00AEAD32 /* Debug */ = {
			isa = XCBuildConfiguration;
			buildSettings = {
				INFOPLIST_FILE = GitTestUITests/Info.plist;
				LD_RUNPATH_SEARCH_PATHS = "$(inherited) @executable_path/Frameworks @loader_path/Frameworks";
				PRODUCT_BUNDLE_IDENTIFIER = com.1510.GitTestUITests;
				PRODUCT_NAME = "$(TARGET_NAME)";
				TEST_TARGET_NAME = GitTest;
				USES_XCTRUNNER = YES;
			};
			name = Debug;
		};
		BC80D8EF1C89722C00AEAD32 /* Release */ = {
			isa = XCBuildConfiguration;
			buildSettings = {
				INFOPLIST_FILE = GitTestUITests/Info.plist;
				LD_RUNPATH_SEARCH_PATHS = "$(inherited) @executable_path/Frameworks @loader_path/Frameworks";
				PRODUCT_BUNDLE_IDENTIFIER = com.1510.GitTestUITests;
				PRODUCT_NAME = "$(TARGET_NAME)";
				TEST_TARGET_NAME = GitTest;
				USES_XCTRUNNER = YES;
			};
			name = Release;
		};
/* End XCBuildConfiguration section */

/* Begin XCConfigurationList section */
		BC80D8B51C89722A00AEAD32 /* Build configuration list for PBXProject "GitTest" */ = {
			isa = XCConfigurationList;
			buildConfigurations = (
				BC80D8E51C89722C00AEAD32 /* Debug */,
				BC80D8E61C89722C00AEAD32 /* Release */,
			);
			defaultConfigurationIsVisible = 0;
			defaultConfigurationName = Release;
		};
		BC80D8E71C89722C00AEAD32 /* Build configuration list for PBXNativeTarget "GitTest" */ = {
			isa = XCConfigurationList;
			buildConfigurations = (
				BC80D8E81C89722C00AEAD32 /* Debug */,
				BC80D8E91C89722C00AEAD32 /* Release */,
			);
			defaultConfigurationIsVisible = 0;
		};
		BC80D8EA1C89722C00AEAD32 /* Build configuration list for PBXNativeTarget "GitTestTests" */ = {
			isa = XCConfigurationList;
			buildConfigurations = (
				BC80D8EB1C89722C00AEAD32 /* Debug */,
				BC80D8EC1C89722C00AEAD32 /* Release */,
			);
			defaultConfigurationIsVisible = 0;
		};
		BC80D8ED1C89722C00AEAD32 /* Build configuration list for PBXNativeTarget "GitTestUITests" */ = {
			isa = XCConfigurationList;
			buildConfigurations = (
				BC80D8EE1C89722C00AEAD32 /* Debug */,
				BC80D8EF1C89722C00AEAD32 /* Release */,
			);
			defaultConfigurationIsVisible = 0;
		};
/* End XCConfigurationList section */
	};
	rootObject = BC80D8B21C89722A00AEAD32 /* Project object */;
}
